
Microsoft Visual Studio Solution File, Format Version 12.00
# Visual Studio 15
VisualStudioVersion = 15.0.27428.2043
MinimumVisualStudioVersion = 10.0.40219.1
Project("{2150E333-8FDC-42A3-9474-1A3956D46DE8}") = "1-Application", "1-Application", "{AE587574-861C-44FA-BBB2-AE24E308F235}"
EndProject
Project("{2150E333-8FDC-42A3-9474-1A3956D46DE8}") = "1-WebApi", "1-WebApi", "{F7D3100D-B0DE-4983-9D5B-A8646B5F3089}"
EndProject
Project("{2150E333-8FDC-42A3-9474-1A3956D46DE8}") = "2-BizLogic", "2-BizLogic", "{EB0DCCB5-EEA6-43CE-B11F-01BF5BC9A11D}"
EndProject
Project("{9A19103F-16F7-4668-BE54-9A1E7A4F7556}") = "CopaFilmes.BizLogic", "Source\CopaFilmes.BizLogic\CopaFilmes.BizLogic.csproj", "{29739224-498E-4BAB-82ED-761D93257CE2}"
EndProject
Project("{9A19103F-16F7-4668-BE54-9A1E7A4F7556}") = "CopaFilmes.BizLogic.Test", "Test\CopaFilmes.BizLogic.Test\CopaFilmes.BizLogic.Test.csproj", "{A8969C99-A6BD-4542-95F9-A86F92C15E73}"
EndProject
Project("{9A19103F-16F7-4668-BE54-9A1E7A4F7556}") = "CopaFilmes.WebApi", "Source\CopaFilmes.WebApi\CopaFilmes.WebApi.csproj", "{CC5AAD58-A9FC-48B7-BC9C-51C825D26B78}"
EndProject
Project("{2150E333-8FDC-42A3-9474-1A3956D46DE8}") = "3-DataAccess", "3-DataAccess", "{1EC9C56D-8A36-475E-BB22-A84CFE04C634}"
EndProject
Project("{9A19103F-16F7-4668-BE54-9A1E7A4F7556}") = "CopaFilmes.DataAccess", "Source\CopaFilmes.DataAccess\CopaFilmes.DataAccess.csproj", "{40608466-8E19-474E-88D0-E55352DF3A12}"
EndProject
Project("{9A19103F-16F7-4668-BE54-9A1E7A4F7556}") = "CopaFilmes.DataAccess.Test", "Test\CopaFilmes.DataAccess.Test\CopaFilmes.DataAccess.Test.csproj", "{A31A3565-8301-44A1-A892-410A42509F8C}"
EndProject
Project("{9A19103F-16F7-4668-BE54-9A1E7A4F7556}") = "CopaFilmes.WebApi.Test", "Test\CopaFilmes.WebApi.Test\CopaFilmes.WebApi.Test.csproj", "{3F6423BC-326E-4CA8-AEAA-9EB0E110AAC1}"
EndProject
Project("{2150E333-8FDC-42A3-9474-1A3956D46DE8}") = "4-Infrastructure", "4-Infrastructure", "{03D45FF2-DEDC-48DB-BEF5-E96F72637854}"
EndProject
Project("{9A19103F-16F7-4668-BE54-9A1E7A4F7556}") = "CopaFilmes.Infrastructure", "Source\CopaFilmes.Infrastructure\CopaFilmes.Infrastructure.csproj", "{02826476-424C-490A-BB5C-269FBC140666}"
EndProject
Project("{2150E333-8FDC-42A3-9474-1A3956D46DE8}") = "0-Presentation", "0-Presentation", "{AF299DA2-4BF7-44A2-A8F3-73D93E610783}"
EndProject
Project("{FAE04EC0-301F-11D3-BF4B-00C04F79EFBC}") = "CopaFilmes.WebApp", "Source\CopaFilmes.WebApp\CopaFilmes.WebApp.csproj", "{10EE4B38-333F-4194-9FCF-49C048247B18}"
EndProject
Global
	GlobalSection(SolutionConfigurationPlatforms) = preSolution
		Debug|Any CPU = Debug|Any CPU
		Release|Any CPU = Release|Any CPU
	EndGlobalSection
	GlobalSection(ProjectConfigurationPlatforms) = postSolution
		{29739224-498E-4BAB-82ED-761D93257CE2}.Debug|Any CPU.ActiveCfg = Debug|Any CPU
		{29739224-498E-4BAB-82ED-761D93257CE2}.Debug|Any CPU.Build.0 = Debug|Any CPU
		{29739224-498E-4BAB-82ED-761D93257CE2}.Release|Any CPU.ActiveCfg = Release|Any CPU
		{29739224-498E-4BAB-82ED-761D93257CE2}.Release|Any CPU.Build.0 = Release|Any CPU
		{A8969C99-A6BD-4542-95F9-A86F92C15E73}.Debug|Any CPU.ActiveCfg = Debug|Any CPU
		{A8969C99-A6BD-4542-95F9-A86F92C15E73}.Debug|Any CPU.Build.0 = Debug|Any CPU
		{A8969C99-A6BD-4542-95F9-A86F92C15E73}.Release|Any CPU.ActiveCfg = Release|Any CPU
		{A8969C99-A6BD-4542-95F9-A86F92C15E73}.Release|Any CPU.Build.0 = Release|Any CPU
		{CC5AAD58-A9FC-48B7-BC9C-51C825D26B78}.Debug|Any CPU.ActiveCfg = Debug|Any CPU
		{CC5AAD58-A9FC-48B7-BC9C-51C825D26B78}.Debug|Any CPU.Build.0 = Debug|Any CPU
		{CC5AAD58-A9FC-48B7-BC9C-51C825D26B78}.Release|Any CPU.ActiveCfg = Release|Any CPU
		{CC5AAD58-A9FC-48B7-BC9C-51C825D26B78}.Release|Any CPU.Build.0 = Release|Any CPU
		{40608466-8E19-474E-88D0-E55352DF3A12}.Debug|Any CPU.ActiveCfg = Debug|Any CPU
		{40608466-8E19-474E-88D0-E55352DF3A12}.Debug|Any CPU.Build.0 = Debug|Any CPU
		{40608466-8E19-474E-88D0-E55352DF3A12}.Release|Any CPU.ActiveCfg = Release|Any CPU
		{40608466-8E19-474E-88D0-E55352DF3A12}.Release|Any CPU.Build.0 = Release|Any CPU
		{A31A3565-8301-44A1-A892-410A42509F8C}.Debug|Any CPU.ActiveCfg = Debug|Any CPU
		{A31A3565-8301-44A1-A892-410A42509F8C}.Debug|Any CPU.Build.0 = Debug|Any CPU
		{A31A3565-8301-44A1-A892-410A42509F8C}.Release|Any CPU.ActiveCfg = Release|Any CPU
		{A31A3565-8301-44A1-A892-410A42509F8C}.Release|Any CPU.Build.0 = Release|Any CPU
		{3F6423BC-326E-4CA8-AEAA-9EB0E110AAC1}.Debug|Any CPU.ActiveCfg = Debug|Any CPU
		{3F6423BC-326E-4CA8-AEAA-9EB0E110AAC1}.Debug|Any CPU.Build.0 = Debug|Any CPU
		{3F6423BC-326E-4CA8-AEAA-9EB0E110AAC1}.Release|Any CPU.ActiveCfg = Release|Any CPU
		{3F6423BC-326E-4CA8-AEAA-9EB0E110AAC1}.Release|Any CPU.Build.0 = Release|Any CPU
		{02826476-424C-490A-BB5C-269FBC140666}.Debug|Any CPU.ActiveCfg = Debug|Any CPU
		{02826476-424C-490A-BB5C-269FBC140666}.Debug|Any CPU.Build.0 = Debug|Any CPU
		{02826476-424C-490A-BB5C-269FBC140666}.Release|Any CPU.ActiveCfg = Release|Any CPU
		{02826476-424C-490A-BB5C-269FBC140666}.Release|Any CPU.Build.0 = Release|Any CPU
		{10EE4B38-333F-4194-9FCF-49C048247B18}.Debug|Any CPU.ActiveCfg = Debug|Any CPU
		{10EE4B38-333F-4194-9FCF-49C048247B18}.Debug|Any CPU.Build.0 = Debug|Any CPU
		{10EE4B38-333F-4194-9FCF-49C048247B18}.Release|Any CPU.ActiveCfg = Release|Any CPU
		{10EE4B38-333F-4194-9FCF-49C048247B18}.Release|Any CPU.Build.0 = Release|Any CPU
	EndGlobalSection
	GlobalSection(SolutionProperties) = preSolution
		HideSolutionNode = FALSE
	EndGlobalSection
	GlobalSection(NestedProjects) = preSolution
		{F7D3100D-B0DE-4983-9D5B-A8646B5F3089} = {AE587574-861C-44FA-BBB2-AE24E308F235}
		{EB0DCCB5-EEA6-43CE-B11F-01BF5BC9A11D} = {AE587574-861C-44FA-BBB2-AE24E308F235}
		{29739224-498E-4BAB-82ED-761D93257CE2} = {EB0DCCB5-EEA6-43CE-B11F-01BF5BC9A11D}
		{A8969C99-A6BD-4542-95F9-A86F92C15E73} = {EB0DCCB5-EEA6-43CE-B11F-01BF5BC9A11D}
		{CC5AAD58-A9FC-48B7-BC9C-51C825D26B78} = {F7D3100D-B0DE-4983-9D5B-A8646B5F3089}
		{1EC9C56D-8A36-475E-BB22-A84CFE04C634} = {AE587574-861C-44FA-BBB2-AE24E308F235}
		{40608466-8E19-474E-88D0-E55352DF3A12} = {1EC9C56D-8A36-475E-BB22-A84CFE04C634}
		{A31A3565-8301-44A1-A892-410A42509F8C} = {1EC9C56D-8A36-475E-BB22-A84CFE04C634}
		{3F6423BC-326E-4CA8-AEAA-9EB0E110AAC1} = {F7D3100D-B0DE-4983-9D5B-A8646B5F3089}
		{03D45FF2-DEDC-48DB-BEF5-E96F72637854} = {AE587574-861C-44FA-BBB2-AE24E308F235}
		{02826476-424C-490A-BB5C-269FBC140666} = {03D45FF2-DEDC-48DB-BEF5-E96F72637854}
		{10EE4B38-333F-4194-9FCF-49C048247B18} = {AF299DA2-4BF7-44A2-A8F3-73D93E610783}
	EndGlobalSection
	GlobalSection(ExtensibilityGlobals) = postSolution
		SolutionGuid = {88C09F9D-7C60-436D-8052-44C5B127C45A}
	EndGlobalSection
EndGlobal
